github.com/drpaneas/ines v0.0.0-20211209004930-febc3e1cab7b h1:2NL8BeGKE7toQqqltjjg9/E8T1V5od2rTJ1g+51rgYo=
github.com/drpaneas/ines v0.0.0-20211209004930-febc3e1cab7b/go.mod h1:zjNfqrOm+VDSK0WXQfxy87GWmGviGp4v0qa4lLvIKWA=
github.com/drpaneas/ines v0.0.0-20211209011553-16feb0202de8 h1:X68mDNCfLjO4XnlkPPDtLUONVfdCEidKV6iosk2svpg=
github.com/drpaneas/ines v0.0.0-20211209011553-16feb0202de8/go.mod h1:zjNfqrOm+VDSK0WXQfxy87GWmGviGp4v0qa4lLvIKWA=
github.com/drpaneas/ines v0.0.0-20211209013757-6407fe2be1c1 h1:vyh9ijNxRKpV0yI1rS/UHwFzhTMpa9IJ2kGotQo+sk8=
github.com/drpaneas/ines v0.0.0-20211209013757-6407fe2be1c1/go.mod h1:zjNfqrOm+VDSK0WXQfxy87GWmGviGp4v0qa4lLvIKWA=
github.com/drpaneas/ines v0.0.0-20211209170618-95db3ec17b0d h1:ovFU+ol6bRzzG3Yaczy0piwjV/JsSDIWL2esuOi8Gc4=
github.com/drpaneas/ines v0.0.0-20211209170618-95db3ec17b0d/go.mod h1:zjNfqrOm+VDSK0WXQfxy87GWmGviGp4v0qa4lLvIKWA=
github.com/drpaneas/ines v0.0.0-20211209222153-2c5167a41136 h1:+M2Y1+w7GVpP8MC6YToeCnRpwceWJSfMyarVLjEqqvM=
github.com/drpaneas/ines v0.0.0-20211209222153-2c5167a41136/go.mod h1:zjNfqrOm+VDSK0WXQfxy87GWmGviGp4v0qa4lLvIKWA=
github.com/drpaneas/ines v0.0.0-20211209225425-368c93701f94 h1:tuSLTaxyRRN6ui5d2PsKIj9yggd6u6aWzx+ls4/H8f8=
github.com/drpaneas/ines v0.0.0-20211209225425-368c93701f94/go.mod h1:zjNfqrOm+VDSK0WXQfxy87GWmGviGp4v0qa4lLvIKWA=
github.com/drpaneas/ines v0.0.0-20211209230847-4e7ced1fe466 h1:eIfBrsdDrKgy6p6RKS2otBzdKQ8JgXGcPm9AToAdkIg=
github.com/drpaneas/ines v0.0.0-20211209230847-4e7ced1fe466/go.mod h1:zjNfqrOm+VDSK0WXQfxy87GWmGviGp4v0qa4lLvIKWA=
github.com/ozankasikci/go-image-merge v0.2.2 h1:K370BLLTIsamwjAeViiPntf7GiG3h9pXzDmxXCbN8/0=
github.com/ozankasikci/go-image-merge v0.2.2/go.mod h1:NQ2aN0b21buFx3p+5x4dZrKuPSLh2uBukK7F30BrYTo=
