github.com/drpaneas/ines v1.0.1 h1:aSiZBK4J5X3dYxGhnFpFMDAaDB/hMCfTEVwaBB9ktpg=
github.com/drpaneas/ines v1.0.1/go.mod h1:zjNfqrOm+VDSK0WXQfxy87GWmGviGp4v0qa4lLvIKWA=
github.com/ozankasikci/go-image-merge v0.2.2 h1:K370BLLTIsamwjAeViiPntf7GiG3h9pXzDmxXCbN8/0=
github.com/ozankasikci/go-image-merge v0.2.2/go.mod h1:NQ2aN0b21buFx3p+5x4dZrKuPSLh2uBukK7F30BrYTo=
